# This file is automatically @generated by Cargo.
# It is not intended for manual editing.
[[package]]
name = "apt"
version = "0.1.0"

[[package]]
name = "atty"
version = "0.2.14"
source = "registry+https://github.com/rust-lang/crates.io-index"
dependencies = [
 "hermit-abi 0.1.19 (registry+https://github.com/rust-lang/crates.io-index)",
 "libc 0.2.109 (registry+https://github.com/rust-lang/crates.io-index)",
 "winapi 0.3.9 (registry+https://github.com/rust-lang/crates.io-index)",
]

[[package]]
name = "auutil"
version = "0.2.4"
dependencies = [
 "apt 0.1.0",
 "brew 0.1.0",
 "clamav 0.1.0",
 "colored 2.0.0 (registry+https://github.com/rust-lang/crates.io-index)",
 "dnf 0.1.0",
 "emerge 0.1.0",
 "exdb 0.1.0",
 "flatpak 0.1.0",
 "futures 0.3.18 (registry+https://github.com/rust-lang/crates.io-index)",
 "gvm 0.1.0",
 "metasploit 0.1.0",
 "nix 0.1.0",
 "npm 0.1.0",
 "nuget 0.1.0",
 "osx 0.1.0",
 "pacman 0.1.0",
 "pip 0.1.0",
 "pip3 0.1.0",
 "ruby 0.1.0",
 "rust 0.1.0",
 "snap 0.1.0",
 "which 4.2.2 (registry+https://github.com/rust-lang/crates.io-index)",
 "yum 0.1.0",
 "zypper 0.1.0",
]

[[package]]
name = "brew"
version = "0.1.0"

[[package]]
name = "clamav"
version = "0.1.0"

[[package]]
name = "colored"
version = "2.0.0"
source = "registry+https://github.com/rust-lang/crates.io-index"
dependencies = [
 "atty 0.2.14 (registry+https://github.com/rust-lang/crates.io-index)",
 "lazy_static 1.4.0 (registry+https://github.com/rust-lang/crates.io-index)",
 "winapi 0.3.9 (registry+https://github.com/rust-lang/crates.io-index)",
]

[[package]]
name = "dnf"
version = "0.1.0"

[[package]]
name = "either"
version = "1.6.1"
source = "registry+https://github.com/rust-lang/crates.io-index"

[[package]]
name = "emerge"
version = "0.1.0"

[[package]]
name = "exdb"
version = "0.1.0"

[[package]]
name = "flatpak"
version = "0.1.0"

[[package]]
name = "futures"
version = "0.3.18"
source = "registry+https://github.com/rust-lang/crates.io-index"
dependencies = [
 "futures-channel 0.3.18 (registry+https://github.com/rust-lang/crates.io-index)",
 "futures-core 0.3.18 (registry+https://github.com/rust-lang/crates.io-index)",
 "futures-executor 0.3.18 (registry+https://github.com/rust-lang/crates.io-index)",
 "futures-io 0.3.18 (registry+https://github.com/rust-lang/crates.io-index)",
 "futures-sink 0.3.18 (registry+https://github.com/rust-lang/crates.io-index)",
 "futures-task 0.3.18 (registry+https://github.com/rust-lang/crates.io-index)",
 "futures-util 0.3.18 (registry+https://github.com/rust-lang/crates.io-index)",
]

[[package]]
name = "futures-channel"
version = "0.3.18"
source = "registry+https://github.com/rust-lang/crates.io-index"
dependencies = [
 "futures-core 0.3.18 (registry+https://github.com/rust-lang/crates.io-index)",
 "futures-sink 0.3.18 (registry+https://github.com/rust-lang/crates.io-index)",
]

[[package]]
name = "futures-core"
version = "0.3.18"
source = "registry+https://github.com/rust-lang/crates.io-index"

[[package]]
name = "futures-executor"
version = "0.3.18"
source = "registry+https://github.com/rust-lang/crates.io-index"
dependencies = [
 "futures-core 0.3.18 (registry+https://github.com/rust-lang/crates.io-index)",
 "futures-task 0.3.18 (registry+https://github.com/rust-lang/crates.io-index)",
 "futures-util 0.3.18 (registry+https://github.com/rust-lang/crates.io-index)",
]

[[package]]
name = "futures-io"
version = "0.3.18"
source = "registry+https://github.com/rust-lang/crates.io-index"

[[package]]
name = "futures-macro"
version = "0.3.18"
source = "registry+https://github.com/rust-lang/crates.io-index"
dependencies = [
 "proc-macro2 1.0.33 (registry+https://github.com/rust-lang/crates.io-index)",
 "quote 1.0.10 (registry+https://github.com/rust-lang/crates.io-index)",
 "syn 1.0.82 (registry+https://github.com/rust-lang/crates.io-index)",
]

[[package]]
name = "futures-sink"
version = "0.3.18"
source = "registry+https://github.com/rust-lang/crates.io-index"

[[package]]
name = "futures-task"
version = "0.3.18"
source = "registry+https://github.com/rust-lang/crates.io-index"

[[package]]
name = "futures-util"
version = "0.3.18"
source = "registry+https://github.com/rust-lang/crates.io-index"
dependencies = [
 "futures-channel 0.3.18 (registry+https://github.com/rust-lang/crates.io-index)",
 "futures-core 0.3.18 (registry+https://github.com/rust-lang/crates.io-index)",
 "futures-io 0.3.18 (registry+https://github.com/rust-lang/crates.io-index)",
 "futures-macro 0.3.18 (registry+https://github.com/rust-lang/crates.io-index)",
 "futures-sink 0.3.18 (registry+https://github.com/rust-lang/crates.io-index)",
 "futures-task 0.3.18 (registry+https://github.com/rust-lang/crates.io-index)",
 "memchr 2.4.1 (registry+https://github.com/rust-lang/crates.io-index)",
 "pin-project-lite 0.2.7 (registry+https://github.com/rust-lang/crates.io-index)",
 "pin-utils 0.1.0 (registry+https://github.com/rust-lang/crates.io-index)",
 "slab 0.4.5 (registry+https://github.com/rust-lang/crates.io-index)",
]

[[package]]
name = "gvm"
version = "0.1.0"

[[package]]
name = "hermit-abi"
version = "0.1.19"
source = "registry+https://github.com/rust-lang/crates.io-index"
dependencies = [
 "libc 0.2.109 (registry+https://github.com/rust-lang/crates.io-index)",
]

[[package]]
name = "lazy_static"
version = "1.4.0"
source = "registry+https://github.com/rust-lang/crates.io-index"

[[package]]
name = "libc"
version = "0.2.109"
source = "registry+https://github.com/rust-lang/crates.io-index"

[[package]]
name = "memchr"
version = "2.4.1"
source = "registry+https://github.com/rust-lang/crates.io-index"

[[package]]
name = "metasploit"
version = "0.1.0"

[[package]]
name = "nix"
version = "0.1.0"

[[package]]
name = "npm"
version = "0.1.0"

[[package]]
name = "nuget"
version = "0.1.0"

[[package]]
name = "osx"
version = "0.1.0"

[[package]]
name = "pacman"
version = "0.1.0"

[[package]]
name = "pin-project-lite"
version = "0.2.7"
source = "registry+https://github.com/rust-lang/crates.io-index"

[[package]]
name = "pin-utils"
version = "0.1.0"
source = "registry+https://github.com/rust-lang/crates.io-index"

[[package]]
name = "pip"
version = "0.1.0"

[[package]]
name = "pip3"
version = "0.1.0"

[[package]]
name = "proc-macro2"
version = "1.0.33"
source = "registry+https://github.com/rust-lang/crates.io-index"
dependencies = [
 "unicode-xid 0.2.2 (registry+https://github.com/rust-lang/crates.io-index)",
]

[[package]]
name = "quote"
version = "1.0.10"
source = "registry+https://github.com/rust-lang/crates.io-index"
dependencies = [
 "proc-macro2 1.0.33 (registry+https://github.com/rust-lang/crates.io-index)",
]

[[package]]
name = "ruby"
version = "0.1.0"

[[package]]
name = "rust"
version = "0.1.0"

[[package]]
name = "slab"
version = "0.4.5"
source = "registry+https://github.com/rust-lang/crates.io-index"

[[package]]
name = "snap"
version = "0.1.0"

[[package]]
name = "syn"
version = "1.0.82"
source = "registry+https://github.com/rust-lang/crates.io-index"
dependencies = [
 "proc-macro2 1.0.33 (registry+https://github.com/rust-lang/crates.io-index)",
 "quote 1.0.10 (registry+https://github.com/rust-lang/crates.io-index)",
 "unicode-xid 0.2.2 (registry+https://github.com/rust-lang/crates.io-index)",
]

[[package]]
name = "unicode-xid"
version = "0.2.2"
source = "registry+https://github.com/rust-lang/crates.io-index"

[[package]]
name = "which"
version = "4.2.2"
source = "registry+https://github.com/rust-lang/crates.io-index"
dependencies = [
 "either 1.6.1 (registry+https://github.com/rust-lang/crates.io-index)",
 "lazy_static 1.4.0 (registry+https://github.com/rust-lang/crates.io-index)",
 "libc 0.2.109 (registry+https://github.com/rust-lang/crates.io-index)",
]

[[package]]
name = "winapi"
version = "0.3.9"
source = "registry+https://github.com/rust-lang/crates.io-index"
dependencies = [
 "winapi-i686-pc-windows-gnu 0.4.0 (registry+https://github.com/rust-lang/crates.io-index)",
 "winapi-x86_64-pc-windows-gnu 0.4.0 (registry+https://github.com/rust-lang/crates.io-index)",
]

[[package]]
name = "winapi-i686-pc-windows-gnu"
version = "0.4.0"
source = "registry+https://github.com/rust-lang/crates.io-index"

[[package]]
name = "winapi-x86_64-pc-windows-gnu"
version = "0.4.0"
source = "registry+https://github.com/rust-lang/crates.io-index"

[[package]]
name = "yum"
version = "0.1.0"

[[package]]
name = "zypper"
version = "0.1.0"

[metadata]
"checksum atty 0.2.14 (registry+https://github.com/rust-lang/crates.io-index)" = "d9b39be18770d11421cdb1b9947a45dd3f37e93092cbf377614828a319d5fee8"
"checksum colored 2.0.0 (registry+https://github.com/rust-lang/crates.io-index)" = "b3616f750b84d8f0de8a58bda93e08e2a81ad3f523089b05f1dffecab48c6cbd"
"checksum either 1.6.1 (registry+https://github.com/rust-lang/crates.io-index)" = "e78d4f1cc4ae33bbfc157ed5d5a5ef3bc29227303d595861deb238fcec4e9457"
"checksum futures 0.3.18 (registry+https://github.com/rust-lang/crates.io-index)" = "8cd0210d8c325c245ff06fd95a3b13689a1a276ac8cfa8e8720cb840bfb84b9e"
"checksum futures-channel 0.3.18 (registry+https://github.com/rust-lang/crates.io-index)" = "7fc8cd39e3dbf865f7340dce6a2d401d24fd37c6fe6c4f0ee0de8bfca2252d27"
"checksum futures-core 0.3.18 (registry+https://github.com/rust-lang/crates.io-index)" = "629316e42fe7c2a0b9a65b47d159ceaa5453ab14e8f0a3c5eedbb8cd55b4a445"
"checksum futures-executor 0.3.18 (registry+https://github.com/rust-lang/crates.io-index)" = "7b808bf53348a36cab739d7e04755909b9fcaaa69b7d7e588b37b6ec62704c97"
"checksum futures-io 0.3.18 (registry+https://github.com/rust-lang/crates.io-index)" = "e481354db6b5c353246ccf6a728b0c5511d752c08da7260546fc0933869daa11"
"checksum futures-macro 0.3.18 (registry+https://github.com/rust-lang/crates.io-index)" = "a89f17b21645bc4ed773c69af9c9a0effd4a3f1a3876eadd453469f8854e7fdd"
"checksum futures-sink 0.3.18 (registry+https://github.com/rust-lang/crates.io-index)" = "996c6442437b62d21a32cd9906f9c41e7dc1e19a9579843fad948696769305af"
"checksum futures-task 0.3.18 (registry+https://github.com/rust-lang/crates.io-index)" = "dabf1872aaab32c886832f2276d2f5399887e2bd613698a02359e4ea83f8de12"
"checksum futures-util 0.3.18 (registry+https://github.com/rust-lang/crates.io-index)" = "41d22213122356472061ac0f1ab2cee28d2bac8491410fd68c2af53d1cedb83e"
"checksum hermit-abi 0.1.19 (registry+https://github.com/rust-lang/crates.io-index)" = "62b467343b94ba476dcb2500d242dadbb39557df889310ac77c5d99100aaac33"
"checksum lazy_static 1.4.0 (registry+https://github.com/rust-lang/crates.io-index)" = "e2abad23fbc42b3700f2f279844dc832adb2b2eb069b2df918f455c4e18cc646"
"checksum libc 0.2.109 (registry+https://github.com/rust-lang/crates.io-index)" = "f98a04dce437184842841303488f70d0188c5f51437d2a834dc097eafa909a01"
"checksum memchr 2.4.1 (registry+https://github.com/rust-lang/crates.io-index)" = "308cc39be01b73d0d18f82a0e7b2a3df85245f84af96fdddc5d202d27e47b86a"
"checksum pin-project-lite 0.2.7 (registry+https://github.com/rust-lang/crates.io-index)" = "8d31d11c69a6b52a174b42bdc0c30e5e11670f90788b2c471c31c1d17d449443"
"checksum pin-utils 0.1.0 (registry+https://github.com/rust-lang/crates.io-index)" = "8b870d8c151b6f2fb93e84a13146138f05d02ed11c7e7c54f8826aaaf7c9f184"
"checksum proc-macro2 1.0.33 (registry+https://github.com/rust-lang/crates.io-index)" = "fb37d2df5df740e582f28f8560cf425f52bb267d872fe58358eadb554909f07a"
"checksum quote 1.0.10 (registry+https://github.com/rust-lang/crates.io-index)" = "38bc8cc6a5f2e3655e0899c1b848643b2562f853f114bfec7be120678e3ace05"
"checksum slab 0.4.5 (registry+https://github.com/rust-lang/crates.io-index)" = "9def91fd1e018fe007022791f865d0ccc9b3a0d5001e01aabb8b40e46000afb5"
"checksum syn 1.0.82 (registry+https://github.com/rust-lang/crates.io-index)" = "8daf5dd0bb60cbd4137b1b587d2fc0ae729bc07cf01cd70b36a1ed5ade3b9d59"
"checksum unicode-xid 0.2.2 (registry+https://github.com/rust-lang/crates.io-index)" = "8ccb82d61f80a663efe1f787a51b16b5a51e3314d6ac365b08639f52387b33f3"
"checksum which 4.2.2 (registry+https://github.com/rust-lang/crates.io-index)" = "ea187a8ef279bc014ec368c27a920da2024d2a711109bfbe3440585d5cf27ad9"
"checksum winapi 0.3.9 (registry+https://github.com/rust-lang/crates.io-index)" = "5c839a674fcd7a98952e593242ea400abe93992746761e38641405d28b00f419"
"checksum winapi-i686-pc-windows-gnu 0.4.0 (registry+https://github.com/rust-lang/crates.io-index)" = "ac3b87c63620426dd9b991e5ce0329eff545bccbbb34f3be09ff6fb6ab51b7b6"
"checksum winapi-x86_64-pc-windows-gnu 0.4.0 (registry+https://github.com/rust-lang/crates.io-index)" = "712e227841d057c1ee1cd2fb22fa7e5a5461ae8e48fa2ca79ec42cfc1931183f"
